
Microsoft Visual Studio Solution File, Format Version 12.00
# Visual Studio Version 16
VisualStudioVersion = 16.0.31729.503
MinimumVisualStudioVersion = 10.0.40219.1
Project("{FAE04EC0-301F-11D3-BF4B-00C04F79EFBC}") = "BlocklistMaker", "BlocklistMaker\BlocklistMaker.csproj", "{76589D14-ECF0-425B-A4E3-E52E1F992587}"
EndProject
Global
	GlobalSection(SolutionConfigurationPlatforms) = preSolution
		Debug|Any CPU = Debug|Any CPU
		Release|Any CPU = Release|Any CPU
	EndGlobalSection
	GlobalSection(ProjectConfigurationPlatforms) = postSolution
		{76589D14-ECF0-425B-A4E3-E52E1F992587}.Debug|Any CPU.ActiveCfg = Debug|Any CPU
		{76589D14-ECF0-425B-A4E3-E52E1F992587}.Debug|Any CPU.Build.0 = Debug|Any CPU
		{76589D14-ECF0-425B-A4E3-E52E1F992587}.Release|Any CPU.ActiveCfg = Release|Any CPU
		{76589D14-ECF0-425B-A4E3-E52E1F992587}.Release|Any CPU.Build.0 = Release|Any CPU
	EndGlobalSection
	GlobalSection(SolutionProperties) = preSolution
		HideSolutionNode = FALSE
	EndGlobalSection
	GlobalSection(ExtensibilityGlobals) = postSolution
		SolutionGuid = {BB2721EC-51B3-44DA-8813-4D5B0E3FA1C8}
	EndGlobalSection
EndGlobal
